
Microsoft Visual Studio Solution File, Format Version 12.00
# Visual Studio Version 17
VisualStudioVersion = 17.2.32616.157
MinimumVisualStudioVersion = 10.0.40219.1
Project("{2150E333-8FDC-42A3-9474-1A3956D46DE8}") = "src", "src", "{077F40C2-5F49-4774-9B73-B08EAEEACB57}"
EndProject
Project("{FAE04EC0-301F-11D3-BF4B-00C04F79EFBC}") = "BakerBuddy.Api", "src\BakerBuddy.Api\BakerBuddy.Api.csproj", "{E42B0769-FD03-4BE9-BB30-7E4AB003B14D}"
EndProject
Project("{FAE04EC0-301F-11D3-BF4B-00C04F79EFBC}") = "BakerBuddy.Data.Abstractions", "src\BakerBuddy.Data.Abstractions\BakerBuddy.Data.Abstractions.csproj", "{7370FEAC-AE97-4CF4-A5B2-AB0B3CDE4ED2}"
EndProject
Project("{FAE04EC0-301F-11D3-BF4B-00C04F79EFBC}") = "BakerBuddy.Data", "src\BakerBuddy.Data\BakerBuddy.Data.csproj", "{86B533C4-C0F7-47CD-AC76-7B70AE213E79}"
EndProject
Project("{FAE04EC0-301F-11D3-BF4B-00C04F79EFBC}") = "BakerBuddy.Domain", "src\BakerBuddy.Domain\BakerBuddy.Domain.csproj", "{80C00274-57FB-4D75-893E-573C388509CB}"
EndProject
Project("{FAE04EC0-301F-11D3-BF4B-00C04F79EFBC}") = "BakerBuddy.Application", "src\BakerBuddy.Application\BakerBuddy.Application.csproj", "{D381E3EE-BEDE-433B-A12F-0CC3D46A6651}"
EndProject
Project("{2150E333-8FDC-42A3-9474-1A3956D46DE8}") = "tests", "tests", "{A85DC61B-921B-4977-ACF6-D92519F8654B}"
EndProject
Project("{FAE04EC0-301F-11D3-BF4B-00C04F79EFBC}") = "BakerBuddy.Application.UnitTests", "tests\BakerBuddy.Application.UnitTests\BakerBuddy.Application.UnitTests.csproj", "{45578910-2527-43CD-A709-A9318F37637F}"
EndProject
Global
	GlobalSection(SolutionConfigurationPlatforms) = preSolution
		Debug|Any CPU = Debug|Any CPU
		Release|Any CPU = Release|Any CPU
	EndGlobalSection
	GlobalSection(ProjectConfigurationPlatforms) = postSolution
		{E42B0769-FD03-4BE9-BB30-7E4AB003B14D}.Debug|Any CPU.ActiveCfg = Debug|Any CPU
		{E42B0769-FD03-4BE9-BB30-7E4AB003B14D}.Debug|Any CPU.Build.0 = Debug|Any CPU
		{E42B0769-FD03-4BE9-BB30-7E4AB003B14D}.Release|Any CPU.ActiveCfg = Release|Any CPU
		{E42B0769-FD03-4BE9-BB30-7E4AB003B14D}.Release|Any CPU.Build.0 = Release|Any CPU
		{7370FEAC-AE97-4CF4-A5B2-AB0B3CDE4ED2}.Debug|Any CPU.ActiveCfg = Debug|Any CPU
		{7370FEAC-AE97-4CF4-A5B2-AB0B3CDE4ED2}.Debug|Any CPU.Build.0 = Debug|Any CPU
		{7370FEAC-AE97-4CF4-A5B2-AB0B3CDE4ED2}.Release|Any CPU.ActiveCfg = Release|Any CPU
		{7370FEAC-AE97-4CF4-A5B2-AB0B3CDE4ED2}.Release|Any CPU.Build.0 = Release|Any CPU
		{86B533C4-C0F7-47CD-AC76-7B70AE213E79}.Debug|Any CPU.ActiveCfg = Debug|Any CPU
		{86B533C4-C0F7-47CD-AC76-7B70AE213E79}.Debug|Any CPU.Build.0 = Debug|Any CPU
		{86B533C4-C0F7-47CD-AC76-7B70AE213E79}.Release|Any CPU.ActiveCfg = Release|Any CPU
		{86B533C4-C0F7-47CD-AC76-7B70AE213E79}.Release|Any CPU.Build.0 = Release|Any CPU
		{80C00274-57FB-4D75-893E-573C388509CB}.Debug|Any CPU.ActiveCfg = Debug|Any CPU
		{80C00274-57FB-4D75-893E-573C388509CB}.Debug|Any CPU.Build.0 = Debug|Any CPU
		{80C00274-57FB-4D75-893E-573C388509CB}.Release|Any CPU.ActiveCfg = Release|Any CPU
		{80C00274-57FB-4D75-893E-573C388509CB}.Release|Any CPU.Build.0 = Release|Any CPU
		{D381E3EE-BEDE-433B-A12F-0CC3D46A6651}.Debug|Any CPU.ActiveCfg = Debug|Any CPU
		{D381E3EE-BEDE-433B-A12F-0CC3D46A6651}.Debug|Any CPU.Build.0 = Debug|Any CPU
		{D381E3EE-BEDE-433B-A12F-0CC3D46A6651}.Release|Any CPU.ActiveCfg = Release|Any CPU
		{D381E3EE-BEDE-433B-A12F-0CC3D46A6651}.Release|Any CPU.Build.0 = Release|Any CPU
		{45578910-2527-43CD-A709-A9318F37637F}.Debug|Any CPU.ActiveCfg = Debug|Any CPU
		{45578910-2527-43CD-A709-A9318F37637F}.Debug|Any CPU.Build.0 = Debug|Any CPU
		{45578910-2527-43CD-A709-A9318F37637F}.Release|Any CPU.ActiveCfg = Release|Any CPU
		{45578910-2527-43CD-A709-A9318F37637F}.Release|Any CPU.Build.0 = Release|Any CPU
	EndGlobalSection
	GlobalSection(SolutionProperties) = preSolution
		HideSolutionNode = FALSE
	EndGlobalSection
	GlobalSection(NestedProjects) = preSolution
		{E42B0769-FD03-4BE9-BB30-7E4AB003B14D} = {077F40C2-5F49-4774-9B73-B08EAEEACB57}
		{7370FEAC-AE97-4CF4-A5B2-AB0B3CDE4ED2} = {077F40C2-5F49-4774-9B73-B08EAEEACB57}
		{86B533C4-C0F7-47CD-AC76-7B70AE213E79} = {077F40C2-5F49-4774-9B73-B08EAEEACB57}
		{80C00274-57FB-4D75-893E-573C388509CB} = {077F40C2-5F49-4774-9B73-B08EAEEACB57}
		{D381E3EE-BEDE-433B-A12F-0CC3D46A6651} = {077F40C2-5F49-4774-9B73-B08EAEEACB57}
		{45578910-2527-43CD-A709-A9318F37637F} = {A85DC61B-921B-4977-ACF6-D92519F8654B}
	EndGlobalSection
	GlobalSection(ExtensibilityGlobals) = postSolution
		SolutionGuid = {508181D1-B663-4946-A2BE-FE40E784AA13}
	EndGlobalSection
EndGlobal
